{
  "requires": true,
  "lockfileVersion": 1,
  "dependencies": {
    "bootstrap": {
      "version": "4.1.1",
      "resolved": "https://registry.npmjs.org/bootstrap/-/bootstrap-4.1.1.tgz",
      "integrity": "sha512-SpiDSOcbg4J/PjVSt4ny5eY6j74VbVSjROY4Fb/WIUXBV9cnb5luyR4KnPvNoXuGnBK1T+nJIWqRsvU3yP8Mcg=="
    },
    "materialize": {
      "version": "1.0.0",
      "resolved": "https://registry.npmjs.org/materialize/-/materialize-1.0.0.tgz",
      "integrity": "sha1-PpHIqMJUdacyTgYro0uvccSjNKo="
    },
    "materialize-css": {
      "version": "1.0.0-rc.1",
      "resolved": "https://registry.npmjs.org/materialize-css/-/materialize-css-1.0.0-rc.1.tgz",
      "integrity": "sha512-YzxLgNrkaE6QKMtrjZG3ogQy64S23u3aXvwGEt5JBoGpI1jni9WIM3U8xhuZUtgUjHuCMdRqrRnA5BtUrV0wrg=="
    }
  }
}
